// !$*UTF8*$!
{
	archiveVersion = 1;
	classes = {
	};
	objectVersion = 77;
	objects = {

/* Begin PBXBuildFile section */
		055FD0D2DAB5D8CA46500E25 /* SavedLocation.swift in Sources */ = {isa = PBXBuildFile; fileRef = B067FE8D627B1650A1D72589 /* SavedLocation.swift */; };
		0CEDEEA9761BE5013013E191 /* osm-style.json in Resources */ = {isa = PBXBuildFile; fileRef = A4A3C05795184CB478A6CD35 /* osm-style.json */; };
		0FE44E863F1B9334F5C9E13C /* RideHistoryPanel.swift in Sources */ = {isa = PBXBuildFile; fileRef = 83F5632A7C3A3B68BA158CB5 /* RideHistoryPanel.swift */; };
		151885C59AB91AA43C72728A /* LoginView.swift in Sources */ = {isa = PBXBuildFile; fileRef = B44AA10AF14ED0E872DC51F5 /* LoginView.swift */; };
		1CC97E82F5B293E835AE54FB /* ManeuverParser.swift in Sources */ = {isa = PBXBuildFile; fileRef = 9704ECFAE05D3B628FCED74C /* ManeuverParser.swift */; };
		23430FC04A3449D968680BCE /* HealthKitService.swift in Sources */ = {isa = PBXBuildFile; fileRef = AEED720D5B7287F14641DF4A /* HealthKitService.swift */; };
		31AD503AC2F54A3C374F1C21 /* Assets.xcassets in Resources */ = {isa = PBXBuildFile; fileRef = 97B17A2B33EC7219FA969766 /* Assets.xcassets */; };
		3F93005E899F9EE3201CBABF /* SavedRoutesPanel.swift in Sources */ = {isa = PBXBuildFile; fileRef = A3D600A624B7C33B5E5DA766 /* SavedRoutesPanel.swift */; };
		51A6917F0A0C51D8D965BAEB /* AttributionView.swift in Sources */ = {isa = PBXBuildFile; fileRef = 60006A75E9877B3A1585AA22 /* AttributionView.swift */; };
		5201C258636A541A1F2A2F59 /* SettingsView.swift in Sources */ = {isa = PBXBuildFile; fileRef = 5AC7EDBB7419A7E80D390551 /* SettingsView.swift */; };
		56F5EE0116F6282E8CFDD8ED /* SavedRoute.swift in Sources */ = {isa = PBXBuildFile; fileRef = 0DBD9C5EF227A9F97B07B5EC /* SavedRoute.swift */; };
		588E5ADDDC04A192F5E53ECB /* KeychainStore.swift in Sources */ = {isa = PBXBuildFile; fileRef = F83028F5261926B98208F5A6 /* KeychainStore.swift */; };
		5A0221F62EDCF5FE52413E5A /* ElevationService.swift in Sources */ = {isa = PBXBuildFile; fileRef = 8124F62BA1F39CA06E0856F3 /* ElevationService.swift */; };
		5C914F348E476B09A018CD77 /* MapLibre in Frameworks */ = {isa = PBXBuildFile; productRef = 4014E81F7ECF771C2CCBB096 /* MapLibre */; };
		6486B6C8DDC6FD2A3F67D93D /* AuthService.swift in Sources */ = {isa = PBXBuildFile; fileRef = E95BD14DF26654CDD9E622B9 /* AuthService.swift */; };
		6A70778E5A39F37BD3D81140 /* GPXParser.swift in Sources */ = {isa = PBXBuildFile; fileRef = E6B2DE7731FF35FF14D423B4 /* GPXParser.swift */; };
		6E0C1886E773CF1DA58FA6B1 /* AuthModels.swift in Sources */ = {isa = PBXBuildFile; fileRef = 9579908B93DA4B69A6A3B48D /* AuthModels.swift */; };
		6E54D4713185D14D865D068E /* GPXExporter.swift in Sources */ = {isa = PBXBuildFile; fileRef = 26110D02CCC4D83369DE6A76 /* GPXExporter.swift */; };
		75D238822F0DA55139BD2F39 /* VoiceGuide.swift in Sources */ = {isa = PBXBuildFile; fileRef = 3BAF57B3E3CC0F0B8446A3B5 /* VoiceGuide.swift */; };
		7915C5C1D8E9403536866EAB /* RideRecorder.swift in Sources */ = {isa = PBXBuildFile; fileRef = 2178CB9675CF7CA17D630E78 /* RideRecorder.swift */; };
		7A79338779E32BDA4B236D83 /* MapLayerStyle.swift in Sources */ = {isa = PBXBuildFile; fileRef = 4C0943BE4F846550792954B6 /* MapLayerStyle.swift */; };
		7BBD1C6051B3F648113F0B38 /* NavigationInfoPanel.swift in Sources */ = {isa = PBXBuildFile; fileRef = FE42314A1E5AAB7B68C0124F /* NavigationInfoPanel.swift */; };
		7CEE0433DF32E97C4D244BB3 /* ImportedRoutesPanel.swift in Sources */ = {isa = PBXBuildFile; fileRef = 27D637225DF76267C253FE4E /* ImportedRoutesPanel.swift */; };
		8A1541D965875EC4741F411E /* SimpleNavView.swift in Sources */ = {isa = PBXBuildFile; fileRef = 70C8241C9BB2BCA598AD68F8 /* SimpleNavView.swift */; };
		8CA5AD460E26591D1783DD2F /* TurnByTurnPanel.swift in Sources */ = {isa = PBXBuildFile; fileRef = CAFCE5B4E6062940B8E720D2 /* TurnByTurnPanel.swift */; };
		8E67144E85CCD66227E9690B /* SavedLocationsPanel.swift in Sources */ = {isa = PBXBuildFile; fileRef = EDC2258D014E2B1876445AA2 /* SavedLocationsPanel.swift */; };
		990A6E8A4E8491E2C52B720F /* ElevationChart.swift in Sources */ = {isa = PBXBuildFile; fileRef = CE26C14188683CAC54851BE2 /* ElevationChart.swift */; };
		9D40CA5DE6A79658DF0489F8 /* MapScreen.swift in Sources */ = {isa = PBXBuildFile; fileRef = 04E56549D369BA4102A5F982 /* MapScreen.swift */; };
		AA6D4A9C089FA4F1E41E207C /* PolylineDecoder.swift in Sources */ = {isa = PBXBuildFile; fileRef = 9C5CBC81739C3DB5FCF98362 /* PolylineDecoder.swift */; };
		ADD9F697F09A8E082236B323 /* ArrowImage.swift in Sources */ = {isa = PBXBuildFile; fileRef = FFE64A0AA9246E333D8E57F1 /* ArrowImage.swift */; };
		AFEF81B0A57DB796124B17F7 /* APIClient.swift in Sources */ = {isa = PBXBuildFile; fileRef = 7A0FDB08B25A72EF5BE3C18E /* APIClient.swift */; };
		B2083FDE2480A053FAFBAE4E /* NavigationManager.swift in Sources */ = {isa = PBXBuildFile; fileRef = 5C0F0FB41D11F02841C7AC55 /* NavigationManager.swift */; };
		BEE3A84481B94D4E220B4FD9 /* dosou-osm-bicycle-routes.geojson in Resources */ = {isa = PBXBuildFile; fileRef = 73F70DFF2ABBCE10C755F10A /* dosou-osm-bicycle-routes.geojson */; };
		CC22BC1146737844C82C69E9 /* RindoApp.swift in Sources */ = {isa = PBXBuildFile; fileRef = 54F29A6D8ADCA017F35CAD45 /* RindoApp.swift */; };
		CDB46ACBD872C80BD68686AF /* RindoMapView.swift in Sources */ = {isa = PBXBuildFile; fileRef = 71577F24BBF2F35D16CD3844 /* RindoMapView.swift */; };
		D073F1DDDBE435367813CB22 /* ValhallaService.swift in Sources */ = {isa = PBXBuildFile; fileRef = F72064002F7AE128E36BEAAB /* ValhallaService.swift */; };
		DA3EB52CC28D9C6E560328F1 /* AppConfig.swift in Sources */ = {isa = PBXBuildFile; fileRef = 0C00D9FA0B2E6348D1D31150 /* AppConfig.swift */; };
		DB9321C37D5A648B88DC9FAE /* ImportedRoute.swift in Sources */ = {isa = PBXBuildFile; fileRef = 32B76B8124466E1A7074EBFB /* ImportedRoute.swift */; };
		E65D48F07CB4F0B6B901ECC2 /* RideLog.swift in Sources */ = {isa = PBXBuildFile; fileRef = FD7543B6BE250549AAFD1264 /* RideLog.swift */; };
		E92862C8C533F54008FDD2C7 /* LocationService.swift in Sources */ = {isa = PBXBuildFile; fileRef = 8B1A15858FEB15AE9006E214 /* LocationService.swift */; };
		FA34360B6E829D4B487E100B /* sapporo-osm-cycleways.geojson in Resources */ = {isa = PBXBuildFile; fileRef = CF5DB96DA00E28EF8F1EB3E7 /* sapporo-osm-cycleways.geojson */; };
		FE4B30385D2224ABC06F6183 /* RindoTests.swift in Sources */ = {isa = PBXBuildFile; fileRef = EFA4C4B0A1E7087270345C93 /* RindoTests.swift */; };
		D388C6963D6842D055E19A7C /* RideMode.swift in Sources */ = {isa = PBXBuildFile; fileRef = 90EA114D92EC41C4CCD41C8D /* RideMode.swift */; };
		C9885FB26B4D88ED60DC7E7A /* ReminderManager.swift in Sources */ = {isa = PBXBuildFile; fileRef = 9262E3CECA0FF0129BB20DE0 /* ReminderManager.swift */; };
		6D783ADC2FAD277A5A80583D /* OfflineMapManager.swift in Sources */ = {isa = PBXBuildFile; fileRef = 77E39DF8631195B41F7071A1 /* OfflineMapManager.swift */; };
		937DF5E6ECDEC1EB03F7E43B /* OfflineMapView.swift in Sources */ = {isa = PBXBuildFile; fileRef = 2D848DB2C3916D7C4B0F390D /* OfflineMapView.swift */; };
/* End PBXBuildFile section */

/* Begin PBXContainerItemProxy section */
		2FDCD179A4C1C3D13603D5F1 /* PBXContainerItemProxy */ = {
			isa = PBXContainerItemProxy;
			containerPortal = FCC35743DD12F390DE34CB3E /* Project object */;
			proxyType = 1;
			remoteGlobalIDString = 105CAF8AF22AF7C87D04EE13;
			remoteInfo = Rindo;
		};
/* End PBXContainerItemProxy section */

/* Begin PBXFileReference section */
		04E56549D369BA4102A5F982 /* MapScreen.swift */ = {isa = PBXFileReference; lastKnownFileType = sourcecode.swift; path = MapScreen.swift; sourceTree = "<group>"; };
		0C00D9FA0B2E6348D1D31150 /* AppConfig.swift */ = {isa = PBXFileReference; lastKnownFileType = sourcecode.swift; path = AppConfig.swift; sourceTree = "<group>"; };
		0DBD9C5EF227A9F97B07B5EC /* SavedRoute.swift */ = {isa = PBXFileReference; lastKnownFileType = sourcecode.swift; path = SavedRoute.swift; sourceTree = "<group>"; };
		2178CB9675CF7CA17D630E78 /* RideRecorder.swift */ = {isa = PBXFileReference; lastKnownFileType = sourcecode.swift; path = RideRecorder.swift; sourceTree = "<group>"; };
		26110D02CCC4D83369DE6A76 /* GPXExporter.swift */ = {isa = PBXFileReference; lastKnownFileType = sourcecode.swift; path = GPXExporter.swift; sourceTree = "<group>"; };
		27D637225DF76267C253FE4E /* ImportedRoutesPanel.swift */ = {isa = PBXFileReference; lastKnownFileType = sourcecode.swift; path = ImportedRoutesPanel.swift; sourceTree = "<group>"; };
		32B76B8124466E1A7074EBFB /* ImportedRoute.swift */ = {isa = PBXFileReference; lastKnownFileType = sourcecode.swift; path = ImportedRoute.swift; sourceTree = "<group>"; };
		3BAF57B3E3CC0F0B8446A3B5 /* VoiceGuide.swift */ = {isa = PBXFileReference; lastKnownFileType = sourcecode.swift; path = VoiceGuide.swift; sourceTree = "<group>"; };
		4426995F5955659EEDDC9674 /* Info.plist */ = {isa = PBXFileReference; lastKnownFileType = text.plist; path = Info.plist; sourceTree = "<group>"; };
		4C0943BE4F846550792954B6 /* MapLayerStyle.swift */ = {isa = PBXFileReference; lastKnownFileType = sourcecode.swift; path = MapLayerStyle.swift; sourceTree = "<group>"; };
		54F29A6D8ADCA017F35CAD45 /* RindoApp.swift */ = {isa = PBXFileReference; lastKnownFileType = sourcecode.swift; path = RindoApp.swift; sourceTree = "<group>"; };
		5AC7EDBB7419A7E80D390551 /* SettingsView.swift */ = {isa = PBXFileReference; lastKnownFileType = sourcecode.swift; path = SettingsView.swift; sourceTree = "<group>"; };
		5C0F0FB41D11F02841C7AC55 /* NavigationManager.swift */ = {isa = PBXFileReference; lastKnownFileType = sourcecode.swift; path = NavigationManager.swift; sourceTree = "<group>"; };
		60006A75E9877B3A1585AA22 /* AttributionView.swift */ = {isa = PBXFileReference; lastKnownFileType = sourcecode.swift; path = AttributionView.swift; sourceTree = "<group>"; };
		70C8241C9BB2BCA598AD68F8 /* SimpleNavView.swift */ = {isa = PBXFileReference; lastKnownFileType = sourcecode.swift; path = SimpleNavView.swift; sourceTree = "<group>"; };
		71577F24BBF2F35D16CD3844 /* RindoMapView.swift */ = {isa = PBXFileReference; lastKnownFileType = sourcecode.swift; path = RindoMapView.swift; sourceTree = "<group>"; };
		73F70DFF2ABBCE10C755F10A /* dosou-osm-bicycle-routes.geojson */ = {isa = PBXFileReference; path = "dosou-osm-bicycle-routes.geojson"; sourceTree = "<group>"; };
		7A0FDB08B25A72EF5BE3C18E /* APIClient.swift */ = {isa = PBXFileReference; lastKnownFileType = sourcecode.swift; path = APIClient.swift; sourceTree = "<group>"; };
		8124F62BA1F39CA06E0856F3 /* ElevationService.swift */ = {isa = PBXFileReference; lastKnownFileType = sourcecode.swift; path = ElevationService.swift; sourceTree = "<group>"; };
		83F5632A7C3A3B68BA158CB5 /* RideHistoryPanel.swift */ = {isa = PBXFileReference; lastKnownFileType = sourcecode.swift; path = RideHistoryPanel.swift; sourceTree = "<group>"; };
		8B1A15858FEB15AE9006E214 /* LocationService.swift */ = {isa = PBXFileReference; lastKnownFileType = sourcecode.swift; path = LocationService.swift; sourceTree = "<group>"; };
		9579908B93DA4B69A6A3B48D /* AuthModels.swift */ = {isa = PBXFileReference; lastKnownFileType = sourcecode.swift; path = AuthModels.swift; sourceTree = "<group>"; };
		9704ECFAE05D3B628FCED74C /* ManeuverParser.swift */ = {isa = PBXFileReference; lastKnownFileType = sourcecode.swift; path = ManeuverParser.swift; sourceTree = "<group>"; };
		97B17A2B33EC7219FA969766 /* Assets.xcassets */ = {isa = PBXFileReference; lastKnownFileType = folder.assetcatalog; path = Assets.xcassets; sourceTree = "<group>"; };
		99E7B4EAED30E58C7A604C26 /* Rindo.entitlements */ = {isa = PBXFileReference; lastKnownFileType = text.plist.entitlements; path = Rindo.entitlements; sourceTree = "<group>"; };
		9C5CBC81739C3DB5FCF98362 /* PolylineDecoder.swift */ = {isa = PBXFileReference; lastKnownFileType = sourcecode.swift; path = PolylineDecoder.swift; sourceTree = "<group>"; };
		A3D600A624B7C33B5E5DA766 /* SavedRoutesPanel.swift */ = {isa = PBXFileReference; lastKnownFileType = sourcecode.swift; path = SavedRoutesPanel.swift; sourceTree = "<group>"; };
		A4A3C05795184CB478A6CD35 /* osm-style.json */ = {isa = PBXFileReference; lastKnownFileType = text.json; path = "osm-style.json"; sourceTree = "<group>"; };
		AEED720D5B7287F14641DF4A /* HealthKitService.swift */ = {isa = PBXFileReference; lastKnownFileType = sourcecode.swift; path = HealthKitService.swift; sourceTree = "<group>"; };
		B067FE8D627B1650A1D72589 /* SavedLocation.swift */ = {isa = PBXFileReference; lastKnownFileType = sourcecode.swift; path = SavedLocation.swift; sourceTree = "<group>"; };
		B44AA10AF14ED0E872DC51F5 /* LoginView.swift */ = {isa = PBXFileReference; lastKnownFileType = sourcecode.swift; path = LoginView.swift; sourceTree = "<group>"; };
		BB0626BA985CE2903E3E0D20 /* Rindo.app */ = {isa = PBXFileReference; includeInIndex = 0; lastKnownFileType = wrapper.application; path = Rindo.app; sourceTree = BUILT_PRODUCTS_DIR; };
		CAFCE5B4E6062940B8E720D2 /* TurnByTurnPanel.swift */ = {isa = PBXFileReference; lastKnownFileType = sourcecode.swift; path = TurnByTurnPanel.swift; sourceTree = "<group>"; };
		CE26C14188683CAC54851BE2 /* ElevationChart.swift */ = {isa = PBXFileReference; lastKnownFileType = sourcecode.swift; path = ElevationChart.swift; sourceTree = "<group>"; };
		CF5DB96DA00E28EF8F1EB3E7 /* sapporo-osm-cycleways.geojson */ = {isa = PBXFileReference; path = "sapporo-osm-cycleways.geojson"; sourceTree = "<group>"; };
		E6B2DE7731FF35FF14D423B4 /* GPXParser.swift */ = {isa = PBXFileReference; lastKnownFileType = sourcecode.swift; path = GPXParser.swift; sourceTree = "<group>"; };
		E95BD14DF26654CDD9E622B9 /* AuthService.swift */ = {isa = PBXFileReference; lastKnownFileType = sourcecode.swift; path = AuthService.swift; sourceTree = "<group>"; };
		EDC2258D014E2B1876445AA2 /* SavedLocationsPanel.swift */ = {isa = PBXFileReference; lastKnownFileType = sourcecode.swift; path = SavedLocationsPanel.swift; sourceTree = "<group>"; };
		EFA4C4B0A1E7087270345C93 /* RindoTests.swift */ = {isa = PBXFileReference; lastKnownFileType = sourcecode.swift; path = RindoTests.swift; sourceTree = "<group>"; };
		F72064002F7AE128E36BEAAB /* ValhallaService.swift */ = {isa = PBXFileReference; lastKnownFileType = sourcecode.swift; path = ValhallaService.swift; sourceTree = "<group>"; };
		F825783B04020253753BD8A9 /* RindoTests.xctest */ = {isa = PBXFileReference; includeInIndex = 0; lastKnownFileType = wrapper.cfbundle; path = RindoTests.xctest; sourceTree = BUILT_PRODUCTS_DIR; };
		F83028F5261926B98208F5A6 /* KeychainStore.swift */ = {isa = PBXFileReference; lastKnownFileType = sourcecode.swift; path = KeychainStore.swift; sourceTree = "<group>"; };
		FD7543B6BE250549AAFD1264 /* RideLog.swift */ = {isa = PBXFileReference; lastKnownFileType = sourcecode.swift; path = RideLog.swift; sourceTree = "<group>"; };
		FE42314A1E5AAB7B68C0124F /* NavigationInfoPanel.swift */ = {isa = PBXFileReference; lastKnownFileType = sourcecode.swift; path = NavigationInfoPanel.swift; sourceTree = "<group>"; };
		FFE64A0AA9246E333D8E57F1 /* ArrowImage.swift */ = {isa = PBXFileReference; lastKnownFileType = sourcecode.swift; path = ArrowImage.swift; sourceTree = "<group>"; };
		90EA114D92EC41C4CCD41C8D /* RideMode.swift */ = {isa = PBXFileReference; lastKnownFileType = sourcecode.swift; path = RideMode.swift; sourceTree = "<group>"; };
		9262E3CECA0FF0129BB20DE0 /* ReminderManager.swift */ = {isa = PBXFileReference; lastKnownFileType = sourcecode.swift; path = ReminderManager.swift; sourceTree = "<group>"; };
		77E39DF8631195B41F7071A1 /* OfflineMapManager.swift */ = {isa = PBXFileReference; lastKnownFileType = sourcecode.swift; path = OfflineMapManager.swift; sourceTree = "<group>"; };
		2D848DB2C3916D7C4B0F390D /* OfflineMapView.swift */ = {isa = PBXFileReference; lastKnownFileType = sourcecode.swift; path = OfflineMapView.swift; sourceTree = "<group>"; };
/* End PBXFileReference section */

/* Begin PBXFrameworksBuildPhase section */
		BA8F0364C615083EDE3CCA81 /* Frameworks */ = {
			isa = PBXFrameworksBuildPhase;
			buildActionMask = 2147483647;
			files = (
				5C914F348E476B09A018CD77 /* MapLibre in Frameworks */,
			);
			runOnlyForDeploymentPostprocessing = 0;
		};
/* End PBXFrameworksBuildPhase section */

/* Begin PBXGroup section */
		0A06B50742AD014D67175A81 /* Core */ = {
			isa = PBXGroup;
			children = (
				E2178665EA031DFF494B58F5 /* API */,
				382329703DC0A5976433864B /* GPX */,
				BD3D8B15A12354027F240567 /* Health */,
				A61553F7B12E46EDF1D13BF4 /* Location */,
				6B74B15C29CECFCD220DDF45 /* Ride */,
				8A4A8066F343BE4166C75C10 /* Routing */,
				244696AD8E215D4ADEBA9F6C /* Storage */,
			);
			path = Core;
			sourceTree = "<group>";
		};
		244696AD8E215D4ADEBA9F6C /* Storage */ = {
			isa = PBXGroup;
			children = (
				77E39DF8631195B41F7071A1 /* OfflineMapManager.swift */,
				F83028F5261926B98208F5A6 /* KeychainStore.swift */,
			);
			path = Storage;
			sourceTree = "<group>";
		};
		2B1F8E09ABD0A4242A9350B0 /* Routes */ = {
			isa = PBXGroup;
			children = (
				27D637225DF76267C253FE4E /* ImportedRoutesPanel.swift */,
				A3D600A624B7C33B5E5DA766 /* SavedRoutesPanel.swift */,
			);
			path = Routes;
			sourceTree = "<group>";
		};
		3271D8A2AAB61D4F836CDE40 /* RindoTests */ = {
			isa = PBXGroup;
			children = (
				EFA4C4B0A1E7087270345C93 /* RindoTests.swift */,
			);
			path = RindoTests;
			sourceTree = "<group>";
		};
		382329703DC0A5976433864B /* GPX */ = {
			isa = PBXGroup;
			children = (
				E6B2DE7731FF35FF14D423B4 /* GPXParser.swift */,
				32B76B8124466E1A7074EBFB /* ImportedRoute.swift */,
			);
			path = GPX;
			sourceTree = "<group>";
		};
		3A5A7DA87854CB582CAF2FA7 /* Attribution */ = {
			isa = PBXGroup;
			children = (
				60006A75E9877B3A1585AA22 /* AttributionView.swift */,
			);
			path = Attribution;
			sourceTree = "<group>";
		};
		3F6FDDAE7A63D24E70EFFF77 /* Rindo */ = {
			isa = PBXGroup;
			children = (
				57C695B2DF5A3DC004837543 /* App */,
				0A06B50742AD014D67175A81 /* Core */,
				B37FBFC020CD2F2F1DA85404 /* Features */,
				859B8857C220ED68BCF31140 /* Resources */,
			);
			path = Rindo;
			sourceTree = "<group>";
		};
		49764C29B1CC1FBD0BF2A289 /* Elevation */ = {
			isa = PBXGroup;
			children = (
				CE26C14188683CAC54851BE2 /* ElevationChart.swift */,
				8124F62BA1F39CA06E0856F3 /* ElevationService.swift */,
			);
			path = Elevation;
			sourceTree = "<group>";
		};
		5175C485E9B6CFB6CC8D8E8A /* Models */ = {
			isa = PBXGroup;
			children = (
				9579908B93DA4B69A6A3B48D /* AuthModels.swift */,
				B067FE8D627B1650A1D72589 /* SavedLocation.swift */,
				0DBD9C5EF227A9F97B07B5EC /* SavedRoute.swift */,
			);
			path = Models;
			sourceTree = "<group>";
		};
		57C695B2DF5A3DC004837543 /* App */ = {
			isa = PBXGroup;
			children = (
				0C00D9FA0B2E6348D1D31150 /* AppConfig.swift */,
				54F29A6D8ADCA017F35CAD45 /* RindoApp.swift */,
			);
			path = App;
			sourceTree = "<group>";
		};
		5AF96B29099377ED8AA631C0 /* Products */ = {
			isa = PBXGroup;
			children = (
				BB0626BA985CE2903E3E0D20 /* Rindo.app */,
				F825783B04020253753BD8A9 /* RindoTests.xctest */,
			);
			name = Products;
			sourceTree = "<group>";
		};
		6B74B15C29CECFCD220DDF45 /* Ride */ = {
			isa = PBXGroup;
			children = (
				90EA114D92EC41C4CCD41C8D /* RideMode.swift */,
				9262E3CECA0FF0129BB20DE0 /* ReminderManager.swift */,
				26110D02CCC4D83369DE6A76 /* GPXExporter.swift */,
				FD7543B6BE250549AAFD1264 /* RideLog.swift */,
				2178CB9675CF7CA17D630E78 /* RideRecorder.swift */,
			);
			path = Ride;
			sourceTree = "<group>";
		};
		859B8857C220ED68BCF31140 /* Resources */ = {
			isa = PBXGroup;
			children = (
				97B17A2B33EC7219FA969766 /* Assets.xcassets */,
				73F70DFF2ABBCE10C755F10A /* dosou-osm-bicycle-routes.geojson */,
				4426995F5955659EEDDC9674 /* Info.plist */,
				A4A3C05795184CB478A6CD35 /* osm-style.json */,
				99E7B4EAED30E58C7A604C26 /* Rindo.entitlements */,
				CF5DB96DA00E28EF8F1EB3E7 /* sapporo-osm-cycleways.geojson */,
			);
			path = Resources;
			sourceTree = "<group>";
		};
		8A4A8066F343BE4166C75C10 /* Routing */ = {
			isa = PBXGroup;
			children = (
				9C5CBC81739C3DB5FCF98362 /* PolylineDecoder.swift */,
				F72064002F7AE128E36BEAAB /* ValhallaService.swift */,
			);
			path = Routing;
			sourceTree = "<group>";
		};
		A5F520424019E2969666AB1F /* Settings */ = {
			isa = PBXGroup;
			children = (
				2D848DB2C3916D7C4B0F390D /* OfflineMapView.swift */,
				5AC7EDBB7419A7E80D390551 /* SettingsView.swift */,
			);
			path = Settings;
			sourceTree = "<group>";
		};
		A61553F7B12E46EDF1D13BF4 /* Location */ = {
			isa = PBXGroup;
			children = (
				8B1A15858FEB15AE9006E214 /* LocationService.swift */,
			);
			path = Location;
			sourceTree = "<group>";
		};
		AD2DD84B6B3120D7E020B481 = {
			isa = PBXGroup;
			children = (
				3F6FDDAE7A63D24E70EFFF77 /* Rindo */,
				3271D8A2AAB61D4F836CDE40 /* RindoTests */,
				5AF96B29099377ED8AA631C0 /* Products */,
			);
			sourceTree = "<group>";
		};
		B37FBFC020CD2F2F1DA85404 /* Features */ = {
			isa = PBXGroup;
			children = (
				3A5A7DA87854CB582CAF2FA7 /* Attribution */,
				B6E7D21E77145EA9986F8ADA /* Auth */,
				49764C29B1CC1FBD0BF2A289 /* Elevation */,
				C2324EA736E39FD6D238BD11 /* Locations */,
				BD7F3D68D9F3486C2C730F53 /* Map */,
				D2DF4222E70441BE7C52BCF5 /* Navigation */,
				BB5D4E5DE0E6C510C581F95A /* Ride */,
				2B1F8E09ABD0A4242A9350B0 /* Routes */,
				A5F520424019E2969666AB1F /* Settings */,
			);
			path = Features;
			sourceTree = "<group>";
		};
		B6E7D21E77145EA9986F8ADA /* Auth */ = {
			isa = PBXGroup;
			children = (
				E95BD14DF26654CDD9E622B9 /* AuthService.swift */,
				B44AA10AF14ED0E872DC51F5 /* LoginView.swift */,
			);
			path = Auth;
			sourceTree = "<group>";
		};
		BB5D4E5DE0E6C510C581F95A /* Ride */ = {
			isa = PBXGroup;
			children = (
				83F5632A7C3A3B68BA158CB5 /* RideHistoryPanel.swift */,
			);
			path = Ride;
			sourceTree = "<group>";
		};
		BD3D8B15A12354027F240567 /* Health */ = {
			isa = PBXGroup;
			children = (
				AEED720D5B7287F14641DF4A /* HealthKitService.swift */,
			);
			path = Health;
			sourceTree = "<group>";
		};
		BD7F3D68D9F3486C2C730F53 /* Map */ = {
			isa = PBXGroup;
			children = (
				4C0943BE4F846550792954B6 /* MapLayerStyle.swift */,
				04E56549D369BA4102A5F982 /* MapScreen.swift */,
				71577F24BBF2F35D16CD3844 /* RindoMapView.swift */,
			);
			path = Map;
			sourceTree = "<group>";
		};
		C2324EA736E39FD6D238BD11 /* Locations */ = {
			isa = PBXGroup;
			children = (
				EDC2258D014E2B1876445AA2 /* SavedLocationsPanel.swift */,
			);
			path = Locations;
			sourceTree = "<group>";
		};
		D2DF4222E70441BE7C52BCF5 /* Navigation */ = {
			isa = PBXGroup;
			children = (
				FFE64A0AA9246E333D8E57F1 /* ArrowImage.swift */,
				9704ECFAE05D3B628FCED74C /* ManeuverParser.swift */,
				FE42314A1E5AAB7B68C0124F /* NavigationInfoPanel.swift */,
				5C0F0FB41D11F02841C7AC55 /* NavigationManager.swift */,
				70C8241C9BB2BCA598AD68F8 /* SimpleNavView.swift */,
				CAFCE5B4E6062940B8E720D2 /* TurnByTurnPanel.swift */,
				3BAF57B3E3CC0F0B8446A3B5 /* VoiceGuide.swift */,
			);
			path = Navigation;
			sourceTree = "<group>";
		};
		E2178665EA031DFF494B58F5 /* API */ = {
			isa = PBXGroup;
			children = (
				7A0FDB08B25A72EF5BE3C18E /* APIClient.swift */,
				5175C485E9B6CFB6CC8D8E8A /* Models */,
			);
			path = API;
			sourceTree = "<group>";
		};
/* End PBXGroup section */

/* Begin PBXNativeTarget section */
		105CAF8AF22AF7C87D04EE13 /* Rindo */ = {
			isa = PBXNativeTarget;
			buildConfigurationList = 179CDFA266333979D83B4D48 /* Build configuration list for PBXNativeTarget "Rindo" */;
			buildPhases = (
				B749BBA9EA7771FD5A3EC68A /* Sources */,
				3CBCF2ABD71EC104441D27EB /* Resources */,
				BA8F0364C615083EDE3CCA81 /* Frameworks */,
			);
			buildRules = (
			);
			dependencies = (
			);
			name = Rindo;
			packageProductDependencies = (
				4014E81F7ECF771C2CCBB096 /* MapLibre */,
			);
			productName = Rindo;
			productReference = BB0626BA985CE2903E3E0D20 /* Rindo.app */;
			productType = "com.apple.product-type.application";
		};
		725E7E3ACAD4B88764B8ECAA /* RindoTests */ = {
			isa = PBXNativeTarget;
			buildConfigurationList = 45BBAE55D13DC63B9C8609FA /* Build configuration list for PBXNativeTarget "RindoTests" */;
			buildPhases = (
				3629DAA791E50CC5B3D343B5 /* Sources */,
			);
			buildRules = (
			);
			dependencies = (
				715AAECDB4CA21094ACD56FB /* PBXTargetDependency */,
			);
			name = RindoTests;
			packageProductDependencies = (
			);
			productName = RindoTests;
			productReference = F825783B04020253753BD8A9 /* RindoTests.xctest */;
			productType = "com.apple.product-type.bundle.unit-test";
		};
/* End PBXNativeTarget section */

/* Begin PBXProject section */
		FCC35743DD12F390DE34CB3E /* Project object */ = {
			isa = PBXProject;
			attributes = {
				BuildIndependentTargetsInParallel = YES;
				LastUpgradeCheck = 1600;
				TargetAttributes = {
					105CAF8AF22AF7C87D04EE13 = {
						DevelopmentTeam = 9L6A9KDH5P;
						ProvisioningStyle = Automatic;
					};
				};
			};
			buildConfigurationList = A8199CEACBEE00C79DF4AB0B /* Build configuration list for PBXProject "Rindo" */;
			developmentRegion = en;
			hasScannedForEncodings = 0;
			knownRegions = (
				Base,
				en,
			);
			mainGroup = AD2DD84B6B3120D7E020B481;
			minimizedProjectReferenceProxies = 1;
			packageReferences = (
				DBF67FC099509F2E39BC039F /* XCRemoteSwiftPackageReference "maplibre-native-distribution" */,
			);
			preferredProjectObjectVersion = 77;
			productRefGroup = 5AF96B29099377ED8AA631C0 /* Products */;
			projectDirPath = "";
			projectRoot = "";
			targets = (
				105CAF8AF22AF7C87D04EE13 /* Rindo */,
				725E7E3ACAD4B88764B8ECAA /* RindoTests */,
			);
		};
/* End PBXProject section */

/* Begin PBXResourcesBuildPhase section */
		3CBCF2ABD71EC104441D27EB /* Resources */ = {
			isa = PBXResourcesBuildPhase;
			buildActionMask = 2147483647;
			files = (
				31AD503AC2F54A3C374F1C21 /* Assets.xcassets in Resources */,
				BEE3A84481B94D4E220B4FD9 /* dosou-osm-bicycle-routes.geojson in Resources */,
				0CEDEEA9761BE5013013E191 /* osm-style.json in Resources */,
				FA34360B6E829D4B487E100B /* sapporo-osm-cycleways.geojson in Resources */,
			);
			runOnlyForDeploymentPostprocessing = 0;
		};
/* End PBXResourcesBuildPhase section */

/* Begin PBXSourcesBuildPhase section */
		3629DAA791E50CC5B3D343B5 /* Sources */ = {
			isa = PBXSourcesBuildPhase;
			buildActionMask = 2147483647;
			files = (
				FE4B30385D2224ABC06F6183 /* RindoTests.swift in Sources */,
			);
			runOnlyForDeploymentPostprocessing = 0;
		};
		B749BBA9EA7771FD5A3EC68A /* Sources */ = {
			isa = PBXSourcesBuildPhase;
			buildActionMask = 2147483647;
			files = (
				D388C6963D6842D055E19A7C /* RideMode.swift in Sources */,
				C9885FB26B4D88ED60DC7E7A /* ReminderManager.swift in Sources */,
				6D783ADC2FAD277A5A80583D /* OfflineMapManager.swift in Sources */,
				937DF5E6ECDEC1EB03F7E43B /* OfflineMapView.swift in Sources */,
				AFEF81B0A57DB796124B17F7 /* APIClient.swift in Sources */,
				DA3EB52CC28D9C6E560328F1 /* AppConfig.swift in Sources */,
				ADD9F697F09A8E082236B323 /* ArrowImage.swift in Sources */,
				51A6917F0A0C51D8D965BAEB /* AttributionView.swift in Sources */,
				6E0C1886E773CF1DA58FA6B1 /* AuthModels.swift in Sources */,
				6486B6C8DDC6FD2A3F67D93D /* AuthService.swift in Sources */,
				990A6E8A4E8491E2C52B720F /* ElevationChart.swift in Sources */,
				5A0221F62EDCF5FE52413E5A /* ElevationService.swift in Sources */,
				6E54D4713185D14D865D068E /* GPXExporter.swift in Sources */,
				6A70778E5A39F37BD3D81140 /* GPXParser.swift in Sources */,
				23430FC04A3449D968680BCE /* HealthKitService.swift in Sources */,
				DB9321C37D5A648B88DC9FAE /* ImportedRoute.swift in Sources */,
				7CEE0433DF32E97C4D244BB3 /* ImportedRoutesPanel.swift in Sources */,
				588E5ADDDC04A192F5E53ECB /* KeychainStore.swift in Sources */,
				E92862C8C533F54008FDD2C7 /* LocationService.swift in Sources */,
				151885C59AB91AA43C72728A /* LoginView.swift in Sources */,
				1CC97E82F5B293E835AE54FB /* ManeuverParser.swift in Sources */,
				7A79338779E32BDA4B236D83 /* MapLayerStyle.swift in Sources */,
				9D40CA5DE6A79658DF0489F8 /* MapScreen.swift in Sources */,
				7BBD1C6051B3F648113F0B38 /* NavigationInfoPanel.swift in Sources */,
				B2083FDE2480A053FAFBAE4E /* NavigationManager.swift in Sources */,
				AA6D4A9C089FA4F1E41E207C /* PolylineDecoder.swift in Sources */,
				0FE44E863F1B9334F5C9E13C /* RideHistoryPanel.swift in Sources */,
				E65D48F07CB4F0B6B901ECC2 /* RideLog.swift in Sources */,
				7915C5C1D8E9403536866EAB /* RideRecorder.swift in Sources */,
				CC22BC1146737844C82C69E9 /* RindoApp.swift in Sources */,
				CDB46ACBD872C80BD68686AF /* RindoMapView.swift in Sources */,
				055FD0D2DAB5D8CA46500E25 /* SavedLocation.swift in Sources */,
				8E67144E85CCD66227E9690B /* SavedLocationsPanel.swift in Sources */,
				56F5EE0116F6282E8CFDD8ED /* SavedRoute.swift in Sources */,
				3F93005E899F9EE3201CBABF /* SavedRoutesPanel.swift in Sources */,
				5201C258636A541A1F2A2F59 /* SettingsView.swift in Sources */,
				8A1541D965875EC4741F411E /* SimpleNavView.swift in Sources */,
				8CA5AD460E26591D1783DD2F /* TurnByTurnPanel.swift in Sources */,
				D073F1DDDBE435367813CB22 /* ValhallaService.swift in Sources */,
				75D238822F0DA55139BD2F39 /* VoiceGuide.swift in Sources */,
			);
			runOnlyForDeploymentPostprocessing = 0;
		};
/* End PBXSourcesBuildPhase section */

/* Begin PBXTargetDependency section */
		715AAECDB4CA21094ACD56FB /* PBXTargetDependency */ = {
			isa = PBXTargetDependency;
			target = 105CAF8AF22AF7C87D04EE13 /* Rindo */;
			targetProxy = 2FDCD179A4C1C3D13603D5F1 /* PBXContainerItemProxy */;
		};
/* End PBXTargetDependency section */

/* Begin XCBuildConfiguration section */
		1BA19FCFC509A7558BF96FBA /* Debug */ = {
			isa = XCBuildConfiguration;
			buildSettings = {
				ASSETCATALOG_COMPILER_APPICON_NAME = AppIcon;
				ASSETCATALOG_COMPILER_GLOBAL_ACCENT_COLOR_NAME = AccentColor;
				CODE_SIGN_ENTITLEMENTS = Rindo/Resources/Rindo.entitlements;
				CODE_SIGN_IDENTITY = "iPhone Developer";
				CODE_SIGN_STYLE = Automatic;
				DEVELOPMENT_TEAM = 9L6A9KDH5P;
				INFOPLIST_FILE = Rindo/Resources/Info.plist;
				LD_RUNPATH_SEARCH_PATHS = (
					"$(inherited)",
					"@executable_path/Frameworks",
				);
				PRODUCT_BUNDLE_IDENTIFIER = com.osprey74.rindo;
				SDKROOT = iphoneos;
				SWIFT_STRICT_CONCURRENCY = complete;
				TARGETED_DEVICE_FAMILY = "1,2";
			};
			name = Debug;
		};
		57D626E0377814205EF8F03F /* Debug */ = {
			isa = XCBuildConfiguration;
			buildSettings = {
				ALWAYS_SEARCH_USER_PATHS = NO;
				CLANG_ANALYZER_NONNULL = YES;
				CLANG_ANALYZER_NUMBER_OBJECT_CONVERSION = YES_AGGRESSIVE;
				CLANG_CXX_LANGUAGE_STANDARD = "gnu++14";
				CLANG_CXX_LIBRARY = "libc++";
				CLANG_ENABLE_MODULES = YES;
				CLANG_ENABLE_OBJC_ARC = YES;
				CLANG_ENABLE_OBJC_WEAK = YES;
				CLANG_WARN_BLOCK_CAPTURE_AUTORELEASING = YES;
				CLANG_WARN_BOOL_CONVERSION = YES;
				CLANG_WARN_COMMA = YES;
				CLANG_WARN_CONSTANT_CONVERSION = YES;
				CLANG_WARN_DEPRECATED_OBJC_IMPLEMENTATIONS = YES;
				CLANG_WARN_DIRECT_OBJC_ISA_USAGE = YES_ERROR;
				CLANG_WARN_DOCUMENTATION_COMMENTS = YES;
				CLANG_WARN_EMPTY_BODY = YES;
				CLANG_WARN_ENUM_CONVERSION = YES;
				CLANG_WARN_INFINITE_RECURSION = YES;
				CLANG_WARN_INT_CONVERSION = YES;
				CLANG_WARN_NON_LITERAL_NULL_CONVERSION = YES;
				CLANG_WARN_OBJC_IMPLICIT_RETAIN_SELF = YES;
				CLANG_WARN_OBJC_LITERAL_CONVERSION = YES;
				CLANG_WARN_OBJC_ROOT_CLASS = YES_ERROR;
				CLANG_WARN_QUOTED_INCLUDE_IN_FRAMEWORK_HEADER = YES;
				CLANG_WARN_RANGE_LOOP_ANALYSIS = YES;
				CLANG_WARN_STRICT_PROTOTYPES = YES;
				CLANG_WARN_SUSPICIOUS_MOVE = YES;
				CLANG_WARN_UNGUARDED_AVAILABILITY = YES_AGGRESSIVE;
				CLANG_WARN_UNREACHABLE_CODE = YES;
				CLANG_WARN__DUPLICATE_METHOD_MATCH = YES;
				COPY_PHASE_STRIP = NO;
				DEBUG_INFORMATION_FORMAT = dwarf;
				ENABLE_STRICT_OBJC_MSGSEND = YES;
				ENABLE_TESTABILITY = YES;
				GCC_C_LANGUAGE_STANDARD = gnu11;
				GCC_DYNAMIC_NO_PIC = NO;
				GCC_NO_COMMON_BLOCKS = YES;
				GCC_OPTIMIZATION_LEVEL = 0;
				GCC_PREPROCESSOR_DEFINITIONS = (
					"$(inherited)",
					"DEBUG=1",
				);
				GCC_WARN_64_TO_32_BIT_CONVERSION = YES;
				GCC_WARN_ABOUT_RETURN_TYPE = YES_ERROR;
				GCC_WARN_UNDECLARED_SELECTOR = YES;
				GCC_WARN_UNINITIALIZED_AUTOS = YES_AGGRESSIVE;
				GCC_WARN_UNUSED_FUNCTION = YES;
				GCC_WARN_UNUSED_VARIABLE = YES;
				IPHONEOS_DEPLOYMENT_TARGET = 17.0;
				MTL_ENABLE_DEBUG_INFO = INCLUDE_SOURCE;
				MTL_FAST_MATH = YES;
				ONLY_ACTIVE_ARCH = YES;
				PRODUCT_NAME = "$(TARGET_NAME)";
				SDKROOT = iphoneos;
				SWIFT_ACTIVE_COMPILATION_CONDITIONS = DEBUG;
				SWIFT_OPTIMIZATION_LEVEL = "-Onone";
				SWIFT_VERSION = 5.0;
			};
			name = Debug;
		};
		9963BFADDEEA6CE02EC77292 /* Release */ = {
			isa = XCBuildConfiguration;
			buildSettings = {
				ASSETCATALOG_COMPILER_APPICON_NAME = AppIcon;
				ASSETCATALOG_COMPILER_GLOBAL_ACCENT_COLOR_NAME = AccentColor;
				CODE_SIGN_ENTITLEMENTS = Rindo/Resources/Rindo.entitlements;
				CODE_SIGN_IDENTITY = "iPhone Developer";
				CODE_SIGN_STYLE = Automatic;
				DEVELOPMENT_TEAM = 9L6A9KDH5P;
				INFOPLIST_FILE = Rindo/Resources/Info.plist;
				LD_RUNPATH_SEARCH_PATHS = (
					"$(inherited)",
					"@executable_path/Frameworks",
				);
				PRODUCT_BUNDLE_IDENTIFIER = com.osprey74.rindo;
				SDKROOT = iphoneos;
				SWIFT_STRICT_CONCURRENCY = complete;
				TARGETED_DEVICE_FAMILY = "1,2";
			};
			name = Release;
		};
		AEEBA276166D00E2B9EDFD1D /* Release */ = {
			isa = XCBuildConfiguration;
			buildSettings = {
				BUNDLE_LOADER = "$(TEST_HOST)";
				LD_RUNPATH_SEARCH_PATHS = (
					"$(inherited)",
					"@executable_path/Frameworks",
					"@loader_path/Frameworks",
				);
				PRODUCT_BUNDLE_IDENTIFIER = com.osprey74.RindoTests;
				SDKROOT = iphoneos;
				TARGETED_DEVICE_FAMILY = "1,2";
				TEST_HOST = "$(BUILT_PRODUCTS_DIR)/Rindo.app/Rindo";
			};
			name = Release;
		};
		B7DC282149BB7A4AE153700B /* Release */ = {
			isa = XCBuildConfiguration;
			buildSettings = {
				ALWAYS_SEARCH_USER_PATHS = NO;
				CLANG_ANALYZER_NONNULL = YES;
				CLANG_ANALYZER_NUMBER_OBJECT_CONVERSION = YES_AGGRESSIVE;
				CLANG_CXX_LANGUAGE_STANDARD = "gnu++14";
				CLANG_CXX_LIBRARY = "libc++";
				CLANG_ENABLE_MODULES = YES;
				CLANG_ENABLE_OBJC_ARC = YES;
				CLANG_ENABLE_OBJC_WEAK = YES;
				CLANG_WARN_BLOCK_CAPTURE_AUTORELEASING = YES;
				CLANG_WARN_BOOL_CONVERSION = YES;
				CLANG_WARN_COMMA = YES;
				CLANG_WARN_CONSTANT_CONVERSION = YES;
				CLANG_WARN_DEPRECATED_OBJC_IMPLEMENTATIONS = YES;
				CLANG_WARN_DIRECT_OBJC_ISA_USAGE = YES_ERROR;
				CLANG_WARN_DOCUMENTATION_COMMENTS = YES;
				CLANG_WARN_EMPTY_BODY = YES;
				CLANG_WARN_ENUM_CONVERSION = YES;
				CLANG_WARN_INFINITE_RECURSION = YES;
				CLANG_WARN_INT_CONVERSION = YES;
				CLANG_WARN_NON_LITERAL_NULL_CONVERSION = YES;
				CLANG_WARN_OBJC_IMPLICIT_RETAIN_SELF = YES;
				CLANG_WARN_OBJC_LITERAL_CONVERSION = YES;
				CLANG_WARN_OBJC_ROOT_CLASS = YES_ERROR;
				CLANG_WARN_QUOTED_INCLUDE_IN_FRAMEWORK_HEADER = YES;
				CLANG_WARN_RANGE_LOOP_ANALYSIS = YES;
				CLANG_WARN_STRICT_PROTOTYPES = YES;
				CLANG_WARN_SUSPICIOUS_MOVE = YES;
				CLANG_WARN_UNGUARDED_AVAILABILITY = YES_AGGRESSIVE;
				CLANG_WARN_UNREACHABLE_CODE = YES;
				CLANG_WARN__DUPLICATE_METHOD_MATCH = YES;
				COPY_PHASE_STRIP = NO;
				DEBUG_INFORMATION_FORMAT = "dwarf-with-dsym";
				ENABLE_NS_ASSERTIONS = NO;
				ENABLE_STRICT_OBJC_MSGSEND = YES;
				GCC_C_LANGUAGE_STANDARD = gnu11;
				GCC_NO_COMMON_BLOCKS = YES;
				GCC_WARN_64_TO_32_BIT_CONVERSION = YES;
				GCC_WARN_ABOUT_RETURN_TYPE = YES_ERROR;
				GCC_WARN_UNDECLARED_SELECTOR = YES;
				GCC_WARN_UNINITIALIZED_AUTOS = YES_AGGRESSIVE;
				GCC_WARN_UNUSED_FUNCTION = YES;
				GCC_WARN_UNUSED_VARIABLE = YES;
				IPHONEOS_DEPLOYMENT_TARGET = 17.0;
				MTL_ENABLE_DEBUG_INFO = NO;
				MTL_FAST_MATH = YES;
				PRODUCT_NAME = "$(TARGET_NAME)";
				SDKROOT = iphoneos;
				SWIFT_COMPILATION_MODE = wholemodule;
				SWIFT_OPTIMIZATION_LEVEL = "-O";
				SWIFT_VERSION = 5.0;
			};
			name = Release;
		};
		E0806922AE06EFE877CB47B7 /* Debug */ = {
			isa = XCBuildConfiguration;
			buildSettings = {
				BUNDLE_LOADER = "$(TEST_HOST)";
				LD_RUNPATH_SEARCH_PATHS = (
					"$(inherited)",
					"@executable_path/Frameworks",
					"@loader_path/Frameworks",
				);
				PRODUCT_BUNDLE_IDENTIFIER = com.osprey74.RindoTests;
				SDKROOT = iphoneos;
				TARGETED_DEVICE_FAMILY = "1,2";
				TEST_HOST = "$(BUILT_PRODUCTS_DIR)/Rindo.app/Rindo";
			};
			name = Debug;
		};
/* End XCBuildConfiguration section */

/* Begin XCConfigurationList section */
		179CDFA266333979D83B4D48 /* Build configuration list for PBXNativeTarget "Rindo" */ = {
			isa = XCConfigurationList;
			buildConfigurations = (
				1BA19FCFC509A7558BF96FBA /* Debug */,
				9963BFADDEEA6CE02EC77292 /* Release */,
			);
			defaultConfigurationIsVisible = 0;
			defaultConfigurationName = Debug;
		};
		45BBAE55D13DC63B9C8609FA /* Build configuration list for PBXNativeTarget "RindoTests" */ = {
			isa = XCConfigurationList;
			buildConfigurations = (
				E0806922AE06EFE877CB47B7 /* Debug */,
				AEEBA276166D00E2B9EDFD1D /* Release */,
			);
			defaultConfigurationIsVisible = 0;
			defaultConfigurationName = Debug;
		};
		A8199CEACBEE00C79DF4AB0B /* Build configuration list for PBXProject "Rindo" */ = {
			isa = XCConfigurationList;
			buildConfigurations = (
				57D626E0377814205EF8F03F /* Debug */,
				B7DC282149BB7A4AE153700B /* Release */,
			);
			defaultConfigurationIsVisible = 0;
			defaultConfigurationName = Debug;
		};
/* End XCConfigurationList section */

/* Begin XCRemoteSwiftPackageReference section */
		DBF67FC099509F2E39BC039F /* XCRemoteSwiftPackageReference "maplibre-native-distribution" */ = {
			isa = XCRemoteSwiftPackageReference;
			repositoryURL = "https://github.com/maplibre/maplibre-native-distribution.git";
			requirement = {
				kind = upToNextMajorVersion;
				minimumVersion = 6.0.0;
			};
		};
/* End XCRemoteSwiftPackageReference section */

/* Begin XCSwiftPackageProductDependency section */
		4014E81F7ECF771C2CCBB096 /* MapLibre */ = {
			isa = XCSwiftPackageProductDependency;
			package = DBF67FC099509F2E39BC039F /* XCRemoteSwiftPackageReference "maplibre-native-distribution" */;
			productName = MapLibre;
		};
/* End XCSwiftPackageProductDependency section */
	};
	rootObject = FCC35743DD12F390DE34CB3E /* Project object */;
}
